
Microsoft Visual Studio Solution File, Format Version 12.00
# Visual Studio Version 16
VisualStudioVersion = 16.0.30002.166
MinimumVisualStudioVersion = 10.0.40219.1
Project("{FAE04EC0-301F-11D3-BF4B-00C04F79EFBC}") = "Lesson1", "Lesson1\Lesson1.csproj", "{03E7D207-433A-4E0B-93FA-8F8523A81635}"
EndProject
Project("{FAE04EC0-301F-11D3-BF4B-00C04F79EFBC}") = "Lesson1.Tests", "Lesson1.Tests\Lesson1.Tests.csproj", "{0B1655AE-9C1F-471E-A780-0E97F56AB0D9}"
EndProject
Global
	GlobalSection(SolutionConfigurationPlatforms) = preSolution
		Debug|Any CPU = Debug|Any CPU
		Release|Any CPU = Release|Any CPU
	EndGlobalSection
	GlobalSection(ProjectConfigurationPlatforms) = postSolution
		{03E7D207-433A-4E0B-93FA-8F8523A81635}.Debug|Any CPU.ActiveCfg = Debug|Any CPU
		{03E7D207-433A-4E0B-93FA-8F8523A81635}.Debug|Any CPU.Build.0 = Debug|Any CPU
		{03E7D207-433A-4E0B-93FA-8F8523A81635}.Release|Any CPU.ActiveCfg = Release|Any CPU
		{03E7D207-433A-4E0B-93FA-8F8523A81635}.Release|Any CPU.Build.0 = Release|Any CPU
		{0B1655AE-9C1F-471E-A780-0E97F56AB0D9}.Debug|Any CPU.ActiveCfg = Debug|Any CPU
		{0B1655AE-9C1F-471E-A780-0E97F56AB0D9}.Debug|Any CPU.Build.0 = Debug|Any CPU
		{0B1655AE-9C1F-471E-A780-0E97F56AB0D9}.Release|Any CPU.ActiveCfg = Release|Any CPU
		{0B1655AE-9C1F-471E-A780-0E97F56AB0D9}.Release|Any CPU.Build.0 = Release|Any CPU
	EndGlobalSection
	GlobalSection(SolutionProperties) = preSolution
		HideSolutionNode = FALSE
	EndGlobalSection
	GlobalSection(ExtensibilityGlobals) = postSolution
		SolutionGuid = {057C747B-49C1-44D3-8C2B-CCAF07E2A276}
	EndGlobalSection
EndGlobal
